
Microsoft Visual Studio Solution File, Format Version 12.00
# Visual Studio 14
VisualStudioVersion = 14.0.25420.1
MinimumVisualStudioVersion = 10.0.40219.1
Project("{FAE04EC0-301F-11D3-BF4B-00C04F79EFBC}") = "SimpleService", "SimpleService\SimpleService.csproj", "{C6BCB6D1-E298-47FE-A52F-C14E519995CF}"
EndProject
Project("{FAE04EC0-301F-11D3-BF4B-00C04F79EFBC}") = "BookStore", "BookStore\BookStore.csproj", "{EE1DDFC3-67C3-4570-86F4-7A41E33D1B55}"
	ProjectSection(ProjectDependencies) = postProject
		{C6BCB6D1-E298-47FE-A52F-C14E519995CF} = {C6BCB6D1-E298-47FE-A52F-C14E519995CF}
	EndProjectSection
EndProject
Global
	GlobalSection(SolutionConfigurationPlatforms) = preSolution
		Debug|Any CPU = Debug|Any CPU
		Release|Any CPU = Release|Any CPU
	EndGlobalSection
	GlobalSection(ProjectConfigurationPlatforms) = postSolution
		{C6BCB6D1-E298-47FE-A52F-C14E519995CF}.Debug|Any CPU.ActiveCfg = Debug|Any CPU
		{C6BCB6D1-E298-47FE-A52F-C14E519995CF}.Debug|Any CPU.Build.0 = Debug|Any CPU
		{C6BCB6D1-E298-47FE-A52F-C14E519995CF}.Release|Any CPU.ActiveCfg = Release|Any CPU
		{C6BCB6D1-E298-47FE-A52F-C14E519995CF}.Release|Any CPU.Build.0 = Release|Any CPU
		{EE1DDFC3-67C3-4570-86F4-7A41E33D1B55}.Debug|Any CPU.ActiveCfg = Debug|Any CPU
		{EE1DDFC3-67C3-4570-86F4-7A41E33D1B55}.Debug|Any CPU.Build.0 = Debug|Any CPU
		{EE1DDFC3-67C3-4570-86F4-7A41E33D1B55}.Release|Any CPU.ActiveCfg = Release|Any CPU
		{EE1DDFC3-67C3-4570-86F4-7A41E33D1B55}.Release|Any CPU.Build.0 = Release|Any CPU
	EndGlobalSection
	GlobalSection(SolutionProperties) = preSolution
		HideSolutionNode = FALSE
	EndGlobalSection
EndGlobal
